
Microsoft Visual Studio Solution File, Format Version 12.00
# Visual Studio 14
VisualStudioVersion = 14.0.24720.0
MinimumVisualStudioVersion = 10.0.40219.1
Project("{FAE04EC0-301F-11D3-BF4B-00C04F79EFBC}") = "Dominaturn.Base", "Dominaturn.Base\Dominaturn.Base.csproj", "{419C86D8-4366-44B3-980A-2835B136A811}"
EndProject
Project("{FAE04EC0-301F-11D3-BF4B-00C04F79EFBC}") = "Dominaturn.WebService", "Dominaturn.WebService\Dominaturn.WebService.csproj", "{737D0AC1-AEB6-4A37-A62A-CAA4B6CAD92A}"
EndProject
Project("{FAE04EC0-301F-11D3-BF4B-00C04F79EFBC}") = "Dominaturn.Ventanilla", "Dominaturn.Ventanilla\Dominaturn.Ventanilla.csproj", "{94FAB6C4-B2AC-4CB4-84B6-692FD9EBC57C}"
EndProject
Project("{FAE04EC0-301F-11D3-BF4B-00C04F79EFBC}") = "Dominaturn.Visor", "Dominaturn.Visor\Dominaturn.Visor.csproj", "{146FDD52-F600-4E99-B21C-A13C1C97C944}"
EndProject
Project("{FAE04EC0-301F-11D3-BF4B-00C04F79EFBC}") = "Dominaturn.Impresion", "Dominaturn.Impresion\Dominaturn.Impresion.csproj", "{7861C7CD-09C1-40A5-BFAA-A821163159CC}"
EndProject
Project("{FAE04EC0-301F-11D3-BF4B-00C04F79EFBC}") = "Dominaturn.BasePortable", "Dominaturn.BasePortable\Dominaturn.BasePortable.csproj", "{8A508065-3385-4BA2-A253-409B8E65EADB}"
EndProject
Project("{FAE04EC0-301F-11D3-BF4B-00C04F79EFBC}") = "Dominaturn.BaseUniversal", "Dominaturn.BaseUniversal\Dominaturn.BaseUniversal.csproj", "{246900FE-30FC-4F13-90CB-8A0F14CA079C}"
EndProject
Project("{FAE04EC0-301F-11D3-BF4B-00C04F79EFBC}") = "InsaneUniversalApps", "InsaneUniversalApps\InsaneUniversalApps.csproj", "{BAFE56CF-D08D-44C0-84BF-44787588C639}"
EndProject
Project("{FAE04EC0-301F-11D3-BF4B-00C04F79EFBC}") = "InsaneWeb", "InsaneWeb\InsaneWeb.csproj", "{DDD0ACB4-86FA-48CA-971D-D1DFC657D1A5}"
EndProject
Project("{FAE04EC0-301F-11D3-BF4B-00C04F79EFBC}") = "Dominaturn.Tests", "Dominaturn.Tests\Dominaturn.Tests.csproj", "{BA584640-D043-4744-843F-025F5CEF72A8}"
EndProject
Global
	GlobalSection(SolutionConfigurationPlatforms) = preSolution
		Debug|Any CPU = Debug|Any CPU
		Debug|ARM = Debug|ARM
		Debug|x64 = Debug|x64
		Debug|x86 = Debug|x86
		Release|Any CPU = Release|Any CPU
		Release|ARM = Release|ARM
		Release|x64 = Release|x64
		Release|x86 = Release|x86
	EndGlobalSection
	GlobalSection(ProjectConfigurationPlatforms) = postSolution
		{419C86D8-4366-44B3-980A-2835B136A811}.Debug|Any CPU.ActiveCfg = Debug|Any CPU
		{419C86D8-4366-44B3-980A-2835B136A811}.Debug|Any CPU.Build.0 = Debug|Any CPU
		{419C86D8-4366-44B3-980A-2835B136A811}.Debug|ARM.ActiveCfg = Debug|Any CPU
		{419C86D8-4366-44B3-980A-2835B136A811}.Debug|ARM.Build.0 = Debug|Any CPU
		{419C86D8-4366-44B3-980A-2835B136A811}.Debug|x64.ActiveCfg = Debug|Any CPU
		{419C86D8-4366-44B3-980A-2835B136A811}.Debug|x64.Build.0 = Debug|Any CPU
		{419C86D8-4366-44B3-980A-2835B136A811}.Debug|x86.ActiveCfg = Debug|Any CPU
		{419C86D8-4366-44B3-980A-2835B136A811}.Debug|x86.Build.0 = Debug|Any CPU
		{419C86D8-4366-44B3-980A-2835B136A811}.Release|Any CPU.ActiveCfg = Release|Any CPU
		{419C86D8-4366-44B3-980A-2835B136A811}.Release|Any CPU.Build.0 = Release|Any CPU
		{419C86D8-4366-44B3-980A-2835B136A811}.Release|ARM.ActiveCfg = Release|Any CPU
		{419C86D8-4366-44B3-980A-2835B136A811}.Release|ARM.Build.0 = Release|Any CPU
		{419C86D8-4366-44B3-980A-2835B136A811}.Release|x64.ActiveCfg = Release|Any CPU
		{419C86D8-4366-44B3-980A-2835B136A811}.Release|x64.Build.0 = Release|Any CPU
		{419C86D8-4366-44B3-980A-2835B136A811}.Release|x86.ActiveCfg = Release|Any CPU
		{419C86D8-4366-44B3-980A-2835B136A811}.Release|x86.Build.0 = Release|Any CPU
		{737D0AC1-AEB6-4A37-A62A-CAA4B6CAD92A}.Debug|Any CPU.ActiveCfg = Debug|Any CPU
		{737D0AC1-AEB6-4A37-A62A-CAA4B6CAD92A}.Debug|Any CPU.Build.0 = Debug|Any CPU
		{737D0AC1-AEB6-4A37-A62A-CAA4B6CAD92A}.Debug|ARM.ActiveCfg = Debug|Any CPU
		{737D0AC1-AEB6-4A37-A62A-CAA4B6CAD92A}.Debug|ARM.Build.0 = Debug|Any CPU
		{737D0AC1-AEB6-4A37-A62A-CAA4B6CAD92A}.Debug|x64.ActiveCfg = Debug|Any CPU
		{737D0AC1-AEB6-4A37-A62A-CAA4B6CAD92A}.Debug|x64.Build.0 = Debug|Any CPU
		{737D0AC1-AEB6-4A37-A62A-CAA4B6CAD92A}.Debug|x86.ActiveCfg = Debug|Any CPU
		{737D0AC1-AEB6-4A37-A62A-CAA4B6CAD92A}.Debug|x86.Build.0 = Debug|Any CPU
		{737D0AC1-AEB6-4A37-A62A-CAA4B6CAD92A}.Release|Any CPU.ActiveCfg = Release|Any CPU
		{737D0AC1-AEB6-4A37-A62A-CAA4B6CAD92A}.Release|Any CPU.Build.0 = Release|Any CPU
		{737D0AC1-AEB6-4A37-A62A-CAA4B6CAD92A}.Release|ARM.ActiveCfg = Release|Any CPU
		{737D0AC1-AEB6-4A37-A62A-CAA4B6CAD92A}.Release|ARM.Build.0 = Release|Any CPU
		{737D0AC1-AEB6-4A37-A62A-CAA4B6CAD92A}.Release|x64.ActiveCfg = Release|Any CPU
		{737D0AC1-AEB6-4A37-A62A-CAA4B6CAD92A}.Release|x64.Build.0 = Release|Any CPU
		{737D0AC1-AEB6-4A37-A62A-CAA4B6CAD92A}.Release|x86.ActiveCfg = Release|Any CPU
		{737D0AC1-AEB6-4A37-A62A-CAA4B6CAD92A}.Release|x86.Build.0 = Release|Any CPU
		{94FAB6C4-B2AC-4CB4-84B6-692FD9EBC57C}.Debug|Any CPU.ActiveCfg = Debug|Any CPU
		{94FAB6C4-B2AC-4CB4-84B6-692FD9EBC57C}.Debug|Any CPU.Build.0 = Debug|Any CPU
		{94FAB6C4-B2AC-4CB4-84B6-692FD9EBC57C}.Debug|ARM.ActiveCfg = Debug|Any CPU
		{94FAB6C4-B2AC-4CB4-84B6-692FD9EBC57C}.Debug|ARM.Build.0 = Debug|Any CPU
		{94FAB6C4-B2AC-4CB4-84B6-692FD9EBC57C}.Debug|x64.ActiveCfg = Debug|Any CPU
		{94FAB6C4-B2AC-4CB4-84B6-692FD9EBC57C}.Debug|x64.Build.0 = Debug|Any CPU
		{94FAB6C4-B2AC-4CB4-84B6-692FD9EBC57C}.Debug|x86.ActiveCfg = Debug|Any CPU
		{94FAB6C4-B2AC-4CB4-84B6-692FD9EBC57C}.Debug|x86.Build.0 = Debug|Any CPU
		{94FAB6C4-B2AC-4CB4-84B6-692FD9EBC57C}.Release|Any CPU.ActiveCfg = Release|Any CPU
		{94FAB6C4-B2AC-4CB4-84B6-692FD9EBC57C}.Release|Any CPU.Build.0 = Release|Any CPU
		{94FAB6C4-B2AC-4CB4-84B6-692FD9EBC57C}.Release|ARM.ActiveCfg = Release|Any CPU
		{94FAB6C4-B2AC-4CB4-84B6-692FD9EBC57C}.Release|ARM.Build.0 = Release|Any CPU
		{94FAB6C4-B2AC-4CB4-84B6-692FD9EBC57C}.Release|x64.ActiveCfg = Release|Any CPU
		{94FAB6C4-B2AC-4CB4-84B6-692FD9EBC57C}.Release|x64.Build.0 = Release|Any CPU
		{94FAB6C4-B2AC-4CB4-84B6-692FD9EBC57C}.Release|x86.ActiveCfg = Release|Any CPU
		{94FAB6C4-B2AC-4CB4-84B6-692FD9EBC57C}.Release|x86.Build.0 = Release|Any CPU
		{146FDD52-F600-4E99-B21C-A13C1C97C944}.Debug|Any CPU.ActiveCfg = Debug|x86
		{146FDD52-F600-4E99-B21C-A13C1C97C944}.Debug|ARM.ActiveCfg = Debug|ARM
		{146FDD52-F600-4E99-B21C-A13C1C97C944}.Debug|ARM.Build.0 = Debug|ARM
		{146FDD52-F600-4E99-B21C-A13C1C97C944}.Debug|ARM.Deploy.0 = Debug|ARM
		{146FDD52-F600-4E99-B21C-A13C1C97C944}.Debug|x64.ActiveCfg = Debug|x64
		{146FDD52-F600-4E99-B21C-A13C1C97C944}.Debug|x64.Build.0 = Debug|x64
		{146FDD52-F600-4E99-B21C-A13C1C97C944}.Debug|x64.Deploy.0 = Debug|x64
		{146FDD52-F600-4E99-B21C-A13C1C97C944}.Debug|x86.ActiveCfg = Debug|x86
		{146FDD52-F600-4E99-B21C-A13C1C97C944}.Debug|x86.Build.0 = Debug|x86
		{146FDD52-F600-4E99-B21C-A13C1C97C944}.Debug|x86.Deploy.0 = Debug|x86
		{146FDD52-F600-4E99-B21C-A13C1C97C944}.Release|Any CPU.ActiveCfg = Release|x86
		{146FDD52-F600-4E99-B21C-A13C1C97C944}.Release|ARM.ActiveCfg = Release|ARM
		{146FDD52-F600-4E99-B21C-A13C1C97C944}.Release|ARM.Build.0 = Release|ARM
		{146FDD52-F600-4E99-B21C-A13C1C97C944}.Release|ARM.Deploy.0 = Release|ARM
		{146FDD52-F600-4E99-B21C-A13C1C97C944}.Release|x64.ActiveCfg = Release|x64
		{146FDD52-F600-4E99-B21C-A13C1C97C944}.Release|x64.Build.0 = Release|x64
		{146FDD52-F600-4E99-B21C-A13C1C97C944}.Release|x64.Deploy.0 = Release|x64
		{146FDD52-F600-4E99-B21C-A13C1C97C944}.Release|x86.ActiveCfg = Release|x86
		{146FDD52-F600-4E99-B21C-A13C1C97C944}.Release|x86.Build.0 = Release|x86
		{146FDD52-F600-4E99-B21C-A13C1C97C944}.Release|x86.Deploy.0 = Release|x86
		{7861C7CD-09C1-40A5-BFAA-A821163159CC}.Debug|Any CPU.ActiveCfg = Debug|x86
		{7861C7CD-09C1-40A5-BFAA-A821163159CC}.Debug|ARM.ActiveCfg = Debug|ARM
		{7861C7CD-09C1-40A5-BFAA-A821163159CC}.Debug|ARM.Build.0 = Debug|ARM
		{7861C7CD-09C1-40A5-BFAA-A821163159CC}.Debug|ARM.Deploy.0 = Debug|ARM
		{7861C7CD-09C1-40A5-BFAA-A821163159CC}.Debug|x64.ActiveCfg = Debug|x64
		{7861C7CD-09C1-40A5-BFAA-A821163159CC}.Debug|x64.Build.0 = Debug|x64
		{7861C7CD-09C1-40A5-BFAA-A821163159CC}.Debug|x64.Deploy.0 = Debug|x64
		{7861C7CD-09C1-40A5-BFAA-A821163159CC}.Debug|x86.ActiveCfg = Debug|x86
		{7861C7CD-09C1-40A5-BFAA-A821163159CC}.Debug|x86.Build.0 = Debug|x86
		{7861C7CD-09C1-40A5-BFAA-A821163159CC}.Debug|x86.Deploy.0 = Debug|x86
		{7861C7CD-09C1-40A5-BFAA-A821163159CC}.Release|Any CPU.ActiveCfg = Release|x86
		{7861C7CD-09C1-40A5-BFAA-A821163159CC}.Release|ARM.ActiveCfg = Release|ARM
		{7861C7CD-09C1-40A5-BFAA-A821163159CC}.Release|ARM.Build.0 = Release|ARM
		{7861C7CD-09C1-40A5-BFAA-A821163159CC}.Release|ARM.Deploy.0 = Release|ARM
		{7861C7CD-09C1-40A5-BFAA-A821163159CC}.Release|x64.ActiveCfg = Release|x64
		{7861C7CD-09C1-40A5-BFAA-A821163159CC}.Release|x64.Build.0 = Release|x64
		{7861C7CD-09C1-40A5-BFAA-A821163159CC}.Release|x64.Deploy.0 = Release|x64
		{7861C7CD-09C1-40A5-BFAA-A821163159CC}.Release|x86.ActiveCfg = Release|x86
		{7861C7CD-09C1-40A5-BFAA-A821163159CC}.Release|x86.Build.0 = Release|x86
		{7861C7CD-09C1-40A5-BFAA-A821163159CC}.Release|x86.Deploy.0 = Release|x86
		{8A508065-3385-4BA2-A253-409B8E65EADB}.Debug|Any CPU.ActiveCfg = Debug|Any CPU
		{8A508065-3385-4BA2-A253-409B8E65EADB}.Debug|Any CPU.Build.0 = Debug|Any CPU
		{8A508065-3385-4BA2-A253-409B8E65EADB}.Debug|ARM.ActiveCfg = Debug|Any CPU
		{8A508065-3385-4BA2-A253-409B8E65EADB}.Debug|ARM.Build.0 = Debug|Any CPU
		{8A508065-3385-4BA2-A253-409B8E65EADB}.Debug|x64.ActiveCfg = Debug|Any CPU
		{8A508065-3385-4BA2-A253-409B8E65EADB}.Debug|x64.Build.0 = Debug|Any CPU
		{8A508065-3385-4BA2-A253-409B8E65EADB}.Debug|x86.ActiveCfg = Debug|Any CPU
		{8A508065-3385-4BA2-A253-409B8E65EADB}.Debug|x86.Build.0 = Debug|Any CPU
		{8A508065-3385-4BA2-A253-409B8E65EADB}.Release|Any CPU.ActiveCfg = Release|Any CPU
		{8A508065-3385-4BA2-A253-409B8E65EADB}.Release|Any CPU.Build.0 = Release|Any CPU
		{8A508065-3385-4BA2-A253-409B8E65EADB}.Release|ARM.ActiveCfg = Release|Any CPU
		{8A508065-3385-4BA2-A253-409B8E65EADB}.Release|ARM.Build.0 = Release|Any CPU
		{8A508065-3385-4BA2-A253-409B8E65EADB}.Release|x64.ActiveCfg = Release|Any CPU
		{8A508065-3385-4BA2-A253-409B8E65EADB}.Release|x64.Build.0 = Release|Any CPU
		{8A508065-3385-4BA2-A253-409B8E65EADB}.Release|x86.ActiveCfg = Release|Any CPU
		{8A508065-3385-4BA2-A253-409B8E65EADB}.Release|x86.Build.0 = Release|Any CPU
		{246900FE-30FC-4F13-90CB-8A0F14CA079C}.Debug|Any CPU.ActiveCfg = Debug|Any CPU
		{246900FE-30FC-4F13-90CB-8A0F14CA079C}.Debug|Any CPU.Build.0 = Debug|Any CPU
		{246900FE-30FC-4F13-90CB-8A0F14CA079C}.Debug|ARM.ActiveCfg = Debug|Any CPU
		{246900FE-30FC-4F13-90CB-8A0F14CA079C}.Debug|ARM.Build.0 = Debug|Any CPU
		{246900FE-30FC-4F13-90CB-8A0F14CA079C}.Debug|x64.ActiveCfg = Debug|Any CPU
		{246900FE-30FC-4F13-90CB-8A0F14CA079C}.Debug|x64.Build.0 = Debug|Any CPU
		{246900FE-30FC-4F13-90CB-8A0F14CA079C}.Debug|x86.ActiveCfg = Debug|Any CPU
		{246900FE-30FC-4F13-90CB-8A0F14CA079C}.Debug|x86.Build.0 = Debug|Any CPU
		{246900FE-30FC-4F13-90CB-8A0F14CA079C}.Release|Any CPU.ActiveCfg = Release|Any CPU
		{246900FE-30FC-4F13-90CB-8A0F14CA079C}.Release|Any CPU.Build.0 = Release|Any CPU
		{246900FE-30FC-4F13-90CB-8A0F14CA079C}.Release|ARM.ActiveCfg = Release|Any CPU
		{246900FE-30FC-4F13-90CB-8A0F14CA079C}.Release|ARM.Build.0 = Release|Any CPU
		{246900FE-30FC-4F13-90CB-8A0F14CA079C}.Release|x64.ActiveCfg = Release|Any CPU
		{246900FE-30FC-4F13-90CB-8A0F14CA079C}.Release|x64.Build.0 = Release|Any CPU
		{246900FE-30FC-4F13-90CB-8A0F14CA079C}.Release|x86.ActiveCfg = Release|Any CPU
		{246900FE-30FC-4F13-90CB-8A0F14CA079C}.Release|x86.Build.0 = Release|Any CPU
		{BAFE56CF-D08D-44C0-84BF-44787588C639}.Debug|Any CPU.ActiveCfg = Debug|Any CPU
		{BAFE56CF-D08D-44C0-84BF-44787588C639}.Debug|Any CPU.Build.0 = Debug|Any CPU
		{BAFE56CF-D08D-44C0-84BF-44787588C639}.Debug|ARM.ActiveCfg = Debug|Any CPU
		{BAFE56CF-D08D-44C0-84BF-44787588C639}.Debug|ARM.Build.0 = Debug|Any CPU
		{BAFE56CF-D08D-44C0-84BF-44787588C639}.Debug|x64.ActiveCfg = Debug|Any CPU
		{BAFE56CF-D08D-44C0-84BF-44787588C639}.Debug|x64.Build.0 = Debug|Any CPU
		{BAFE56CF-D08D-44C0-84BF-44787588C639}.Debug|x86.ActiveCfg = Debug|Any CPU
		{BAFE56CF-D08D-44C0-84BF-44787588C639}.Debug|x86.Build.0 = Debug|Any CPU
		{BAFE56CF-D08D-44C0-84BF-44787588C639}.Release|Any CPU.ActiveCfg = Release|Any CPU
		{BAFE56CF-D08D-44C0-84BF-44787588C639}.Release|Any CPU.Build.0 = Release|Any CPU
		{BAFE56CF-D08D-44C0-84BF-44787588C639}.Release|ARM.ActiveCfg = Release|Any CPU
		{BAFE56CF-D08D-44C0-84BF-44787588C639}.Release|ARM.Build.0 = Release|Any CPU
		{BAFE56CF-D08D-44C0-84BF-44787588C639}.Release|x64.ActiveCfg = Release|Any CPU
		{BAFE56CF-D08D-44C0-84BF-44787588C639}.Release|x64.Build.0 = Release|Any CPU
		{BAFE56CF-D08D-44C0-84BF-44787588C639}.Release|x86.ActiveCfg = Release|Any CPU
		{BAFE56CF-D08D-44C0-84BF-44787588C639}.Release|x86.Build.0 = Release|Any CPU
		{DDD0ACB4-86FA-48CA-971D-D1DFC657D1A5}.Debug|Any CPU.ActiveCfg = Debug|Any CPU
		{DDD0ACB4-86FA-48CA-971D-D1DFC657D1A5}.Debug|Any CPU.Build.0 = Debug|Any CPU
		{DDD0ACB4-86FA-48CA-971D-D1DFC657D1A5}.Debug|ARM.ActiveCfg = Debug|Any CPU
		{DDD0ACB4-86FA-48CA-971D-D1DFC657D1A5}.Debug|ARM.Build.0 = Debug|Any CPU
		{DDD0ACB4-86FA-48CA-971D-D1DFC657D1A5}.Debug|x64.ActiveCfg = Debug|Any CPU
		{DDD0ACB4-86FA-48CA-971D-D1DFC657D1A5}.Debug|x64.Build.0 = Debug|Any CPU
		{DDD0ACB4-86FA-48CA-971D-D1DFC657D1A5}.Debug|x86.ActiveCfg = Debug|Any CPU
		{DDD0ACB4-86FA-48CA-971D-D1DFC657D1A5}.Debug|x86.Build.0 = Debug|Any CPU
		{DDD0ACB4-86FA-48CA-971D-D1DFC657D1A5}.Release|Any CPU.ActiveCfg = Release|Any CPU
		{DDD0ACB4-86FA-48CA-971D-D1DFC657D1A5}.Release|Any CPU.Build.0 = Release|Any CPU
		{DDD0ACB4-86FA-48CA-971D-D1DFC657D1A5}.Release|ARM.ActiveCfg = Release|Any CPU
		{DDD0ACB4-86FA-48CA-971D-D1DFC657D1A5}.Release|ARM.Build.0 = Release|Any CPU
		{DDD0ACB4-86FA-48CA-971D-D1DFC657D1A5}.Release|x64.ActiveCfg = Release|Any CPU
		{DDD0ACB4-86FA-48CA-971D-D1DFC657D1A5}.Release|x64.Build.0 = Release|Any CPU
		{DDD0ACB4-86FA-48CA-971D-D1DFC657D1A5}.Release|x86.ActiveCfg = Release|Any CPU
		{DDD0ACB4-86FA-48CA-971D-D1DFC657D1A5}.Release|x86.Build.0 = Release|Any CPU
		{BA584640-D043-4744-843F-025F5CEF72A8}.Debug|Any CPU.ActiveCfg = Debug|Any CPU
		{BA584640-D043-4744-843F-025F5CEF72A8}.Debug|Any CPU.Build.0 = Debug|Any CPU
		{BA584640-D043-4744-843F-025F5CEF72A8}.Debug|ARM.ActiveCfg = Debug|Any CPU
		{BA584640-D043-4744-843F-025F5CEF72A8}.Debug|ARM.Build.0 = Debug|Any CPU
		{BA584640-D043-4744-843F-025F5CEF72A8}.Debug|x64.ActiveCfg = Debug|Any CPU
		{BA584640-D043-4744-843F-025F5CEF72A8}.Debug|x64.Build.0 = Debug|Any CPU
		{BA584640-D043-4744-843F-025F5CEF72A8}.Debug|x86.ActiveCfg = Debug|Any CPU
		{BA584640-D043-4744-843F-025F5CEF72A8}.Debug|x86.Build.0 = Debug|Any CPU
		{BA584640-D043-4744-843F-025F5CEF72A8}.Release|Any CPU.ActiveCfg = Release|Any CPU
		{BA584640-D043-4744-843F-025F5CEF72A8}.Release|Any CPU.Build.0 = Release|Any CPU
		{BA584640-D043-4744-843F-025F5CEF72A8}.Release|ARM.ActiveCfg = Release|Any CPU
		{BA584640-D043-4744-843F-025F5CEF72A8}.Release|ARM.Build.0 = Release|Any CPU
		{BA584640-D043-4744-843F-025F5CEF72A8}.Release|x64.ActiveCfg = Release|Any CPU
		{BA584640-D043-4744-843F-025F5CEF72A8}.Release|x64.Build.0 = Release|Any CPU
		{BA584640-D043-4744-843F-025F5CEF72A8}.Release|x86.ActiveCfg = Release|Any CPU
		{BA584640-D043-4744-843F-025F5CEF72A8}.Release|x86.Build.0 = Release|Any CPU
	EndGlobalSection
	GlobalSection(SolutionProperties) = preSolution
		HideSolutionNode = FALSE
	EndGlobalSection
EndGlobal
